
Microsoft Visual Studio Solution File, Format Version 12.00
# Visual Studio Version 17
VisualStudioVersion = 17.14.36221.1
MinimumVisualStudioVersion = 10.0.40219.1
Project("{FAE04EC0-301F-11D3-BF4B-00C04F79EFBC}") = "TelegramBotApp.API", "TelegramBotApp.API\TelegramBotApp.API.csproj", "{2C8C1D93-06E3-4C8C-8210-BF248C678F66}"
EndProject
Project("{FAE04EC0-301F-11D3-BF4B-00C04F79EFBC}") = "TelegramBotApp.Domain", "Telegram.Domain\TelegramBotApp.Domain.csproj", "{F5CADFDD-4DD7-482A-B498-67A1F3A894B0}"
EndProject
Project("{FAE04EC0-301F-11D3-BF4B-00C04F79EFBC}") = "TelegramBotApp.Application", "TelegramBotApp.Application\TelegramBotApp.Application.csproj", "{E44B6C72-C102-4CF9-8638-EE47E8CB746A}"
EndProject
Project("{FAE04EC0-301F-11D3-BF4B-00C04F79EFBC}") = "TelegramBotApp.Worker", "TelegramBotApp.Worker\TelegramBotApp.Worker.csproj", "{B3AE6007-66B8-4104-A866-D06411010C32}"
EndProject
Project("{FAE04EC0-301F-11D3-BF4B-00C04F79EFBC}") = "TelegramBotApp.Infrastructure", "TelegramBotApp.Infrastructure\TelegramBotApp.Infrastructure.csproj", "{1FF023C8-0136-431B-888A-04534FC03E33}"
EndProject
Global
	GlobalSection(SolutionConfigurationPlatforms) = preSolution
		Debug|Any CPU = Debug|Any CPU
		Release|Any CPU = Release|Any CPU
	EndGlobalSection
	GlobalSection(ProjectConfigurationPlatforms) = postSolution
		{2C8C1D93-06E3-4C8C-8210-BF248C678F66}.Debug|Any CPU.ActiveCfg = Debug|Any CPU
		{2C8C1D93-06E3-4C8C-8210-BF248C678F66}.Debug|Any CPU.Build.0 = Debug|Any CPU
		{2C8C1D93-06E3-4C8C-8210-BF248C678F66}.Release|Any CPU.ActiveCfg = Release|Any CPU
		{2C8C1D93-06E3-4C8C-8210-BF248C678F66}.Release|Any CPU.Build.0 = Release|Any CPU
		{F5CADFDD-4DD7-482A-B498-67A1F3A894B0}.Debug|Any CPU.ActiveCfg = Debug|Any CPU
		{F5CADFDD-4DD7-482A-B498-67A1F3A894B0}.Debug|Any CPU.Build.0 = Debug|Any CPU
		{F5CADFDD-4DD7-482A-B498-67A1F3A894B0}.Release|Any CPU.ActiveCfg = Release|Any CPU
		{F5CADFDD-4DD7-482A-B498-67A1F3A894B0}.Release|Any CPU.Build.0 = Release|Any CPU
		{E44B6C72-C102-4CF9-8638-EE47E8CB746A}.Debug|Any CPU.ActiveCfg = Debug|Any CPU
		{E44B6C72-C102-4CF9-8638-EE47E8CB746A}.Debug|Any CPU.Build.0 = Debug|Any CPU
		{E44B6C72-C102-4CF9-8638-EE47E8CB746A}.Release|Any CPU.ActiveCfg = Release|Any CPU
		{E44B6C72-C102-4CF9-8638-EE47E8CB746A}.Release|Any CPU.Build.0 = Release|Any CPU
		{B3AE6007-66B8-4104-A866-D06411010C32}.Debug|Any CPU.ActiveCfg = Debug|Any CPU
		{B3AE6007-66B8-4104-A866-D06411010C32}.Debug|Any CPU.Build.0 = Debug|Any CPU
		{B3AE6007-66B8-4104-A866-D06411010C32}.Release|Any CPU.ActiveCfg = Release|Any CPU
		{B3AE6007-66B8-4104-A866-D06411010C32}.Release|Any CPU.Build.0 = Release|Any CPU
		{1FF023C8-0136-431B-888A-04534FC03E33}.Debug|Any CPU.ActiveCfg = Debug|Any CPU
		{1FF023C8-0136-431B-888A-04534FC03E33}.Debug|Any CPU.Build.0 = Debug|Any CPU
		{1FF023C8-0136-431B-888A-04534FC03E33}.Release|Any CPU.ActiveCfg = Release|Any CPU
		{1FF023C8-0136-431B-888A-04534FC03E33}.Release|Any CPU.Build.0 = Release|Any CPU
	EndGlobalSection
	GlobalSection(SolutionProperties) = preSolution
		HideSolutionNode = FALSE
	EndGlobalSection
	GlobalSection(ExtensibilityGlobals) = postSolution
		SolutionGuid = {7BCDC46D-A79E-4AFC-86FE-546B97CE3CA1}
	EndGlobalSection
EndGlobal
